// !$*UTF8*$!
{
	archiveVersion = 1;
	classes = {
	};
	objectVersion = 56;
	objects = {

/* Begin PBXBuildFile section */
		35CD80162BFB378500F30FCE /* Assets.xcassets in Resources */ = {isa = PBXBuildFile; fileRef = 35CD80152BFB378500F30FCE /* Assets.xcassets */; };
		35CD80192BFB378500F30FCE /* Preview Assets.xcassets in Resources */ = {isa = PBXBuildFile; fileRef = 35CD80182BFB378500F30FCE /* Preview Assets.xcassets */; };
		35CD802D2BFB38F300F30FCE /* ContentView.swift in Sources */ = {isa = PBXBuildFile; fileRef = 35CD802B2BFB38F300F30FCE /* ContentView.swift */; };
		35CD80332BFB392F00F30FCE /* PokemonGrid.swift in Sources */ = {isa = PBXBuildFile; fileRef = 35CD80302BFB392F00F30FCE /* PokemonGrid.swift */; };
		35CD80372BFB393400F30FCE /* ARModel.swift in Sources */ = {isa = PBXBuildFile; fileRef = 35CD80352BFB393400F30FCE /* ARModel.swift */; };
		35CD803B2BFB393F00F30FCE /* ARViewModel.swift in Sources */ = {isa = PBXBuildFile; fileRef = 35CD80382BFB393F00F30FCE /* ARViewModel.swift */; };
		35CD803E2BFB394400F30FCE /* StorageDataSource.swift in Sources */ = {isa = PBXBuildFile; fileRef = 35CD803D2BFB394400F30FCE /* StorageDataSource.swift */; };
		35CD80412BFB395A00F30FCE /* SDWebImageSwiftUI in Frameworks */ = {isa = PBXBuildFile; productRef = 35CD80402BFB395A00F30FCE /* SDWebImageSwiftUI */; };
		35CD80442BFB397900F30FCE /* FirebaseStorage in Frameworks */ = {isa = PBXBuildFile; productRef = 35CD80432BFB397900F30FCE /* FirebaseStorage */; };
		35CD80472BFB3A3B00F30FCE /* GoogleService-Info.plist in Resources */ = {isa = PBXBuildFile; fileRef = 35CD80462BFB3A3B00F30FCE /* GoogleService-Info.plist */; };
		35CD80492BFB3AF600F30FCE /* AppDelegate.swift in Sources */ = {isa = PBXBuildFile; fileRef = 35CD80482BFB3AF600F30FCE /* AppDelegate.swift */; };
		35CD804E2BFB3ECC00F30FCE /* FirebaseFirestore in Frameworks */ = {isa = PBXBuildFile; productRef = 35CD804D2BFB3ECC00F30FCE /* FirebaseFirestore */; };
/* End PBXBuildFile section */

/* Begin PBXFileReference section */
		35CD800E2BFB378400F30FCE /* RealityModelerAR.app */ = {isa = PBXFileReference; explicitFileType = wrapper.application; includeInIndex = 0; path = RealityModelerAR.app; sourceTree = BUILT_PRODUCTS_DIR; };
		35CD80152BFB378500F30FCE /* Assets.xcassets */ = {isa = PBXFileReference; lastKnownFileType = folder.assetcatalog; path = Assets.xcassets; sourceTree = "<group>"; };
		35CD80182BFB378500F30FCE /* Preview Assets.xcassets */ = {isa = PBXFileReference; lastKnownFileType = folder.assetcatalog; path = "Preview Assets.xcassets"; sourceTree = "<group>"; };
		35CD80272BFB38E500F30FCE /* RealityModelerAR-Bridging-Header.h */ = {isa = PBXFileReference; lastKnownFileType = sourcecode.c.h; path = "RealityModelerAR-Bridging-Header.h"; sourceTree = "<group>"; };
		35CD802B2BFB38F300F30FCE /* ContentView.swift */ = {isa = PBXFileReference; fileEncoding = 4; lastKnownFileType = sourcecode.swift; path = ContentView.swift; sourceTree = "<group>"; };
		35CD80302BFB392F00F30FCE /* PokemonGrid.swift */ = {isa = PBXFileReference; fileEncoding = 4; lastKnownFileType = sourcecode.swift; path = PokemonGrid.swift; sourceTree = "<group>"; };
		35CD80352BFB393400F30FCE /* ARModel.swift */ = {isa = PBXFileReference; fileEncoding = 4; lastKnownFileType = sourcecode.swift; path = ARModel.swift; sourceTree = "<group>"; };
		35CD80382BFB393F00F30FCE /* ARViewModel.swift */ = {isa = PBXFileReference; fileEncoding = 4; lastKnownFileType = sourcecode.swift; path = ARViewModel.swift; sourceTree = "<group>"; };
		35CD803D2BFB394400F30FCE /* StorageDataSource.swift */ = {isa = PBXFileReference; fileEncoding = 4; lastKnownFileType = sourcecode.swift; path = StorageDataSource.swift; sourceTree = "<group>"; };
		35CD80462BFB3A3B00F30FCE /* GoogleService-Info.plist */ = {isa = PBXFileReference; fileEncoding = 4; lastKnownFileType = text.plist.xml; path = "GoogleService-Info.plist"; sourceTree = "<group>"; };
		35CD80482BFB3AF600F30FCE /* AppDelegate.swift */ = {isa = PBXFileReference; fileEncoding = 4; lastKnownFileType = sourcecode.swift; path = AppDelegate.swift; sourceTree = "<group>"; };
/* End PBXFileReference section */

/* Begin PBXFrameworksBuildPhase section */
		35CD800B2BFB378400F30FCE /* Frameworks */ = {
			isa = PBXFrameworksBuildPhase;
			buildActionMask = 2147483647;
			files = (
				35CD80412BFB395A00F30FCE /* SDWebImageSwiftUI in Frameworks */,
				35CD80442BFB397900F30FCE /* FirebaseStorage in Frameworks */,
				35CD804E2BFB3ECC00F30FCE /* FirebaseFirestore in Frameworks */,
			);
			runOnlyForDeploymentPostprocessing = 0;
		};
/* End PBXFrameworksBuildPhase section */

/* Begin PBXGroup section */
		35CD80052BFB378400F30FCE = {
			isa = PBXGroup;
			children = (
				35CD80102BFB378400F30FCE /* RealityModelerAR */,
				35CD800F2BFB378400F30FCE /* Products */,
				35CD804C2BFB3ECC00F30FCE /* Frameworks */,
			);
			sourceTree = "<group>";
		};
		35CD800F2BFB378400F30FCE /* Products */ = {
			isa = PBXGroup;
			children = (
				35CD800E2BFB378400F30FCE /* RealityModelerAR.app */,
			);
			name = Products;
			sourceTree = "<group>";
		};
		35CD80102BFB378400F30FCE /* RealityModelerAR */ = {
			isa = PBXGroup;
			children = (
				35CD80462BFB3A3B00F30FCE /* GoogleService-Info.plist */,
				35CD80482BFB3AF600F30FCE /* AppDelegate.swift */,
				35CD80452BFB39F300F30FCE /* DataSource */,
				35CD80362BFB393400F30FCE /* Models */,
				35CD803A2BFB393F00F30FCE /* Views */,
				35CD80322BFB392F00F30FCE /* PockemonViews */,
				35CD80152BFB378500F30FCE /* Assets.xcassets */,
				35CD80172BFB378500F30FCE /* Preview Content */,
				35CD80272BFB38E500F30FCE /* RealityModelerAR-Bridging-Header.h */,
			);
			path = RealityModelerAR;
			sourceTree = "<group>";
		};
		35CD80172BFB378500F30FCE /* Preview Content */ = {
			isa = PBXGroup;
			children = (
				35CD80182BFB378500F30FCE /* Preview Assets.xcassets */,
			);
			path = "Preview Content";
			sourceTree = "<group>";
		};
		35CD80322BFB392F00F30FCE /* PockemonViews */ = {
			isa = PBXGroup;
			children = (
				35CD80302BFB392F00F30FCE /* PokemonGrid.swift */,
			);
			path = PockemonViews;
			sourceTree = "<group>";
		};
		35CD80362BFB393400F30FCE /* Models */ = {
			isa = PBXGroup;
			children = (
				35CD80352BFB393400F30FCE /* ARModel.swift */,
			);
			path = Models;
			sourceTree = "<group>";
		};
		35CD803A2BFB393F00F30FCE /* Views */ = {
			isa = PBXGroup;
			children = (
				35CD80382BFB393F00F30FCE /* ARViewModel.swift */,
				35CD802B2BFB38F300F30FCE /* ContentView.swift */,
			);
			path = Views;
			sourceTree = "<group>";
		};
		35CD80452BFB39F300F30FCE /* DataSource */ = {
			isa = PBXGroup;
			children = (
				35CD803D2BFB394400F30FCE /* StorageDataSource.swift */,
			);
			path = DataSource;
			sourceTree = "<group>";
		};
		35CD804C2BFB3ECC00F30FCE /* Frameworks */ = {
			isa = PBXGroup;
			children = (
			);
			name = Frameworks;
			sourceTree = "<group>";
		};
/* End PBXGroup section */

/* Begin PBXNativeTarget section */
		35CD800D2BFB378400F30FCE /* RealityModelerAR */ = {
			isa = PBXNativeTarget;
			buildConfigurationList = 35CD801C2BFB378500F30FCE /* Build configuration list for PBXNativeTarget "RealityModelerAR" */;
			buildPhases = (
				35CD800A2BFB378400F30FCE /* Sources */,
				35CD800B2BFB378400F30FCE /* Frameworks */,
				35CD800C2BFB378400F30FCE /* Resources */,
			);
			buildRules = (
			);
			dependencies = (
			);
			name = RealityModelerAR;
			packageProductDependencies = (
				35CD80402BFB395A00F30FCE /* SDWebImageSwiftUI */,
				35CD80432BFB397900F30FCE /* FirebaseStorage */,
				35CD804D2BFB3ECC00F30FCE /* FirebaseFirestore */,
			);
			productName = RealityModelerAR;
			productReference = 35CD800E2BFB378400F30FCE /* RealityModelerAR.app */;
			productType = "com.apple.product-type.application";
		};
/* End PBXNativeTarget section */

/* Begin PBXProject section */
		35CD80062BFB378400F30FCE /* Project object */ = {
			isa = PBXProject;
			attributes = {
				BuildIndependentTargetsInParallel = 1;
				LastSwiftUpdateCheck = 1540;
				LastUpgradeCheck = 1540;
				TargetAttributes = {
					35CD800D2BFB378400F30FCE = {
						CreatedOnToolsVersion = 15.4;
						LastSwiftMigration = 1540;
					};
				};
			};
			buildConfigurationList = 35CD80092BFB378400F30FCE /* Build configuration list for PBXProject "RealityModelerAR" */;
			compatibilityVersion = "Xcode 14.0";
			developmentRegion = en;
			hasScannedForEncodings = 0;
			knownRegions = (
				en,
				Base,
			);
			mainGroup = 35CD80052BFB378400F30FCE;
			packageReferences = (
				35CD803F2BFB395A00F30FCE /* XCRemoteSwiftPackageReference "SDWebImageSwiftUI" */,
				35CD80422BFB397900F30FCE /* XCRemoteSwiftPackageReference "firebase-ios-sdk" */,
			);
			productRefGroup = 35CD800F2BFB378400F30FCE /* Products */;
			projectDirPath = "";
			projectRoot = "";
			targets = (
				35CD800D2BFB378400F30FCE /* RealityModelerAR */,
			);
		};
/* End PBXProject section */

/* Begin PBXResourcesBuildPhase section */
		35CD800C2BFB378400F30FCE /* Resources */ = {
			isa = PBXResourcesBuildPhase;
			buildActionMask = 2147483647;
			files = (
				35CD80192BFB378500F30FCE /* Preview Assets.xcassets in Resources */,
				35CD80472BFB3A3B00F30FCE /* GoogleService-Info.plist in Resources */,
				35CD80162BFB378500F30FCE /* Assets.xcassets in Resources */,
			);
			runOnlyForDeploymentPostprocessing = 0;
		};
/* End PBXResourcesBuildPhase section */

/* Begin PBXSourcesBuildPhase section */
		35CD800A2BFB378400F30FCE /* Sources */ = {
			isa = PBXSourcesBuildPhase;
			buildActionMask = 2147483647;
			files = (
				35CD80492BFB3AF600F30FCE /* AppDelegate.swift in Sources */,
				35CD80332BFB392F00F30FCE /* PokemonGrid.swift in Sources */,
				35CD802D2BFB38F300F30FCE /* ContentView.swift in Sources */,
				35CD803B2BFB393F00F30FCE /* ARViewModel.swift in Sources */,
				35CD803E2BFB394400F30FCE /* StorageDataSource.swift in Sources */,
				35CD80372BFB393400F30FCE /* ARModel.swift in Sources */,
			);
			runOnlyForDeploymentPostprocessing = 0;
		};
/* End PBXSourcesBuildPhase section */

/* Begin XCBuildConfiguration section */
		35CD801A2BFB378500F30FCE /* Debug */ = {
			isa = XCBuildConfiguration;
			buildSettings = {
				ALWAYS_SEARCH_USER_PATHS = NO;
				ASSETCATALOG_COMPILER_GENERATE_SWIFT_ASSET_SYMBOL_EXTENSIONS = YES;
				CLANG_ANALYZER_NONNULL = YES;
				CLANG_ANALYZER_NUMBER_OBJECT_CONVERSION = YES_AGGRESSIVE;
				CLANG_CXX_LANGUAGE_STANDARD = "gnu++20";
				CLANG_ENABLE_MODULES = YES;
				CLANG_ENABLE_OBJC_ARC = YES;
				CLANG_ENABLE_OBJC_WEAK = YES;
				CLANG_WARN_BLOCK_CAPTURE_AUTORELEASING = YES;
				CLANG_WARN_BOOL_CONVERSION = YES;
				CLANG_WARN_COMMA = YES;
				CLANG_WARN_CONSTANT_CONVERSION = YES;
				CLANG_WARN_DEPRECATED_OBJC_IMPLEMENTATIONS = YES;
				CLANG_WARN_DIRECT_OBJC_ISA_USAGE = YES_ERROR;
				CLANG_WARN_DOCUMENTATION_COMMENTS = YES;
				CLANG_WARN_EMPTY_BODY = YES;
				CLANG_WARN_ENUM_CONVERSION = YES;
				CLANG_WARN_INFINITE_RECURSION = YES;
				CLANG_WARN_INT_CONVERSION = YES;
				CLANG_WARN_NON_LITERAL_NULL_CONVERSION = YES;
				CLANG_WARN_OBJC_IMPLICIT_RETAIN_SELF = YES;
				CLANG_WARN_OBJC_LITERAL_CONVERSION = YES;
				CLANG_WARN_OBJC_ROOT_CLASS = YES_ERROR;
				CLANG_WARN_QUOTED_INCLUDE_IN_FRAMEWORK_HEADER = YES;
				CLANG_WARN_RANGE_LOOP_ANALYSIS = YES;
				CLANG_WARN_STRICT_PROTOTYPES = YES;
				CLANG_WARN_SUSPICIOUS_MOVE = YES;
				CLANG_WARN_UNGUARDED_AVAILABILITY = YES_AGGRESSIVE;
				CLANG_WARN_UNREACHABLE_CODE = YES;
				CLANG_WARN__DUPLICATE_METHOD_MATCH = YES;
				COPY_PHASE_STRIP = NO;
				DEBUG_INFORMATION_FORMAT = dwarf;
				ENABLE_STRICT_OBJC_MSGSEND = YES;
				ENABLE_TESTABILITY = YES;
				ENABLE_USER_SCRIPT_SANDBOXING = YES;
				GCC_C_LANGUAGE_STANDARD = gnu17;
				GCC_DYNAMIC_NO_PIC = NO;
				GCC_NO_COMMON_BLOCKS = YES;
				GCC_OPTIMIZATION_LEVEL = 0;
				GCC_PREPROCESSOR_DEFINITIONS = (
					"DEBUG=1",
					"$(inherited)",
				);
				GCC_WARN_64_TO_32_BIT_CONVERSION = YES;
				GCC_WARN_ABOUT_RETURN_TYPE = YES_ERROR;
				GCC_WARN_UNDECLARED_SELECTOR = YES;
				GCC_WARN_UNINITIALIZED_AUTOS = YES_AGGRESSIVE;
				GCC_WARN_UNUSED_FUNCTION = YES;
				GCC_WARN_UNUSED_VARIABLE = YES;
				IPHONEOS_DEPLOYMENT_TARGET = 17.5;
				LOCALIZATION_PREFERS_STRING_CATALOGS = YES;
				MTL_ENABLE_DEBUG_INFO = INCLUDE_SOURCE;
				MTL_FAST_MATH = YES;
				ONLY_ACTIVE_ARCH = YES;
				SDKROOT = iphoneos;
				SWIFT_ACTIVE_COMPILATION_CONDITIONS = "DEBUG $(inherited)";
				SWIFT_OPTIMIZATION_LEVEL = "-Onone";
			};
			name = Debug;
		};
		35CD801B2BFB378500F30FCE /* Release */ = {
			isa = XCBuildConfiguration;
			buildSettings = {
				ALWAYS_SEARCH_USER_PATHS = NO;
				ASSETCATALOG_COMPILER_GENERATE_SWIFT_ASSET_SYMBOL_EXTENSIONS = YES;
				CLANG_ANALYZER_NONNULL = YES;
				CLANG_ANALYZER_NUMBER_OBJECT_CONVERSION = YES_AGGRESSIVE;
				CLANG_CXX_LANGUAGE_STANDARD = "gnu++20";
				CLANG_ENABLE_MODULES = YES;
				CLANG_ENABLE_OBJC_ARC = YES;
				CLANG_ENABLE_OBJC_WEAK = YES;
				CLANG_WARN_BLOCK_CAPTURE_AUTORELEASING = YES;
				CLANG_WARN_BOOL_CONVERSION = YES;
				CLANG_WARN_COMMA = YES;
				CLANG_WARN_CONSTANT_CONVERSION = YES;
				CLANG_WARN_DEPRECATED_OBJC_IMPLEMENTATIONS = YES;
				CLANG_WARN_DIRECT_OBJC_ISA_USAGE = YES_ERROR;
				CLANG_WARN_DOCUMENTATION_COMMENTS = YES;
				CLANG_WARN_EMPTY_BODY = YES;
				CLANG_WARN_ENUM_CONVERSION = YES;
				CLANG_WARN_INFINITE_RECURSION = YES;
				CLANG_WARN_INT_CONVERSION = YES;
				CLANG_WARN_NON_LITERAL_NULL_CONVERSION = YES;
				CLANG_WARN_OBJC_IMPLICIT_RETAIN_SELF = YES;
				CLANG_WARN_OBJC_LITERAL_CONVERSION = YES;
				CLANG_WARN_OBJC_ROOT_CLASS = YES_ERROR;
				CLANG_WARN_QUOTED_INCLUDE_IN_FRAMEWORK_HEADER = YES;
				CLANG_WARN_RANGE_LOOP_ANALYSIS = YES;
				CLANG_WARN_STRICT_PROTOTYPES = YES;
				CLANG_WARN_SUSPICIOUS_MOVE = YES;
				CLANG_WARN_UNGUARDED_AVAILABILITY = YES_AGGRESSIVE;
				CLANG_WARN_UNREACHABLE_CODE = YES;
				CLANG_WARN__DUPLICATE_METHOD_MATCH = YES;
				COPY_PHASE_STRIP = NO;
				DEBUG_INFORMATION_FORMAT = "dwarf-with-dsym";
				ENABLE_NS_ASSERTIONS = NO;
				ENABLE_STRICT_OBJC_MSGSEND = YES;
				ENABLE_USER_SCRIPT_SANDBOXING = YES;
				GCC_C_LANGUAGE_STANDARD = gnu17;
				GCC_NO_COMMON_BLOCKS = YES;
				GCC_WARN_64_TO_32_BIT_CONVERSION = YES;
				GCC_WARN_ABOUT_RETURN_TYPE = YES_ERROR;
				GCC_WARN_UNDECLARED_SELECTOR = YES;
				GCC_WARN_UNINITIALIZED_AUTOS = YES_AGGRESSIVE;
				GCC_WARN_UNUSED_FUNCTION = YES;
				GCC_WARN_UNUSED_VARIABLE = YES;
				IPHONEOS_DEPLOYMENT_TARGET = 17.5;
				LOCALIZATION_PREFERS_STRING_CATALOGS = YES;
				MTL_ENABLE_DEBUG_INFO = NO;
				MTL_FAST_MATH = YES;
				SDKROOT = iphoneos;
				SWIFT_COMPILATION_MODE = wholemodule;
				VALIDATE_PRODUCT = YES;
			};
			name = Release;
		};
		35CD801D2BFB378500F30FCE /* Debug */ = {
			isa = XCBuildConfiguration;
			buildSettings = {
				ASSETCATALOG_COMPILER_APPICON_NAME = AppIcon;
				ASSETCATALOG_COMPILER_GLOBAL_ACCENT_COLOR_NAME = AccentColor;
				CLANG_ENABLE_MODULES = YES;
				CODE_SIGN_STYLE = Automatic;
				CURRENT_PROJECT_VERSION = 1;
				DEVELOPMENT_ASSET_PATHS = "\"RealityModelerAR/Preview Content\"";
				DEVELOPMENT_TEAM = FCADUC32VH;
				ENABLE_PREVIEWS = YES;
				GENERATE_INFOPLIST_FILE = YES;
				INFOPLIST_KEY_NSCameraUsageDescription = "";
				INFOPLIST_KEY_UIApplicationSupportsIndirectInputEvents = YES;
				INFOPLIST_KEY_UILaunchScreen_Generation = YES;
				INFOPLIST_KEY_UIRequiredDeviceCapabilities = arkit;
				INFOPLIST_KEY_UIStatusBarHidden = YES;
				INFOPLIST_KEY_UISupportedInterfaceOrientations_iPad = "UIInterfaceOrientationPortrait UIInterfaceOrientationPortraitUpsideDown UIInterfaceOrientationLandscapeLeft UIInterfaceOrientationLandscapeRight";
				INFOPLIST_KEY_UISupportedInterfaceOrientations_iPhone = "UIInterfaceOrientationPortrait UIInterfaceOrientationLandscapeLeft UIInterfaceOrientationLandscapeRight";
				LD_RUNPATH_SEARCH_PATHS = (
					"$(inherited)",
					"@executable_path/Frameworks",
				);
				MARKETING_VERSION = 1.0;
				PRODUCT_BUNDLE_IDENTIFIER = com.seung.RealityModelerAR;
				PRODUCT_NAME = "$(TARGET_NAME)";
				SWIFT_EMIT_LOC_STRINGS = YES;
				SWIFT_OBJC_BRIDGING_HEADER = "RealityModelerAR/RealityModelerAR-Bridging-Header.h";
				SWIFT_OPTIMIZATION_LEVEL = "-Onone";
				SWIFT_VERSION = 5.0;
				TARGETED_DEVICE_FAMILY = "1,2";
			};
			name = Debug;
		};
		35CD801E2BFB378500F30FCE /* Release */ = {
			isa = XCBuildConfiguration;
			buildSettings = {
				ASSETCATALOG_COMPILER_APPICON_NAME = AppIcon;
				ASSETCATALOG_COMPILER_GLOBAL_ACCENT_COLOR_NAME = AccentColor;
				CLANG_ENABLE_MODULES = YES;
				CODE_SIGN_STYLE = Automatic;
				CURRENT_PROJECT_VERSION = 1;
				DEVELOPMENT_ASSET_PATHS = "\"RealityModelerAR/Preview Content\"";
				DEVELOPMENT_TEAM = FCADUC32VH;
				ENABLE_PREVIEWS = YES;
				GENERATE_INFOPLIST_FILE = YES;
				INFOPLIST_KEY_NSCameraUsageDescription = "";
				INFOPLIST_KEY_UIApplicationSupportsIndirectInputEvents = YES;
				INFOPLIST_KEY_UILaunchScreen_Generation = YES;
				INFOPLIST_KEY_UIRequiredDeviceCapabilities = arkit;
				INFOPLIST_KEY_UIStatusBarHidden = YES;
				INFOPLIST_KEY_UISupportedInterfaceOrientations_iPad = "UIInterfaceOrientationPortrait UIInterfaceOrientationPortraitUpsideDown UIInterfaceOrientationLandscapeLeft UIInterfaceOrientationLandscapeRight";
				INFOPLIST_KEY_UISupportedInterfaceOrientations_iPhone = "UIInterfaceOrientationPortrait UIInterfaceOrientationLandscapeLeft UIInterfaceOrientationLandscapeRight";
				LD_RUNPATH_SEARCH_PATHS = (
					"$(inherited)",
					"@executable_path/Frameworks",
				);
				MARKETING_VERSION = 1.0;
				PRODUCT_BUNDLE_IDENTIFIER = com.seung.RealityModelerAR;
				PRODUCT_NAME = "$(TARGET_NAME)";
				SWIFT_EMIT_LOC_STRINGS = YES;
				SWIFT_OBJC_BRIDGING_HEADER = "RealityModelerAR/RealityModelerAR-Bridging-Header.h";
				SWIFT_VERSION = 5.0;
				TARGETED_DEVICE_FAMILY = "1,2";
			};
			name = Release;
		};
/* End XCBuildConfiguration section */

/* Begin XCConfigurationList section */
		35CD80092BFB378400F30FCE /* Build configuration list for PBXProject "RealityModelerAR" */ = {
			isa = XCConfigurationList;
			buildConfigurations = (
				35CD801A2BFB378500F30FCE /* Debug */,
				35CD801B2BFB378500F30FCE /* Release */,
			);
			defaultConfigurationIsVisible = 0;
			defaultConfigurationName = Release;
		};
		35CD801C2BFB378500F30FCE /* Build configuration list for PBXNativeTarget "RealityModelerAR" */ = {
			isa = XCConfigurationList;
			buildConfigurations = (
				35CD801D2BFB378500F30FCE /* Debug */,
				35CD801E2BFB378500F30FCE /* Release */,
			);
			defaultConfigurationIsVisible = 0;
			defaultConfigurationName = Release;
		};
/* End XCConfigurationList section */

/* Begin XCRemoteSwiftPackageReference section */
		35CD803F2BFB395A00F30FCE /* XCRemoteSwiftPackageReference "SDWebImageSwiftUI" */ = {
			isa = XCRemoteSwiftPackageReference;
			repositoryURL = "https://github.com/SDWebImage/SDWebImageSwiftUI";
			requirement = {
				kind = upToNextMajorVersion;
				minimumVersion = 3.0.4;
			};
		};
		35CD80422BFB397900F30FCE /* XCRemoteSwiftPackageReference "firebase-ios-sdk" */ = {
			isa = XCRemoteSwiftPackageReference;
			repositoryURL = "https://github.com/firebase/firebase-ios-sdk";
			requirement = {
				kind = upToNextMajorVersion;
				minimumVersion = 10.26.0;
			};
		};
/* End XCRemoteSwiftPackageReference section */

/* Begin XCSwiftPackageProductDependency section */
		35CD80402BFB395A00F30FCE /* SDWebImageSwiftUI */ = {
			isa = XCSwiftPackageProductDependency;
			package = 35CD803F2BFB395A00F30FCE /* XCRemoteSwiftPackageReference "SDWebImageSwiftUI" */;
			productName = SDWebImageSwiftUI;
		};
		35CD80432BFB397900F30FCE /* FirebaseStorage */ = {
			isa = XCSwiftPackageProductDependency;
			package = 35CD80422BFB397900F30FCE /* XCRemoteSwiftPackageReference "firebase-ios-sdk" */;
			productName = FirebaseStorage;
		};
		35CD804D2BFB3ECC00F30FCE /* FirebaseFirestore */ = {
			isa = XCSwiftPackageProductDependency;
			package = 35CD80422BFB397900F30FCE /* XCRemoteSwiftPackageReference "firebase-ios-sdk" */;
			productName = FirebaseFirestore;
		};
/* End XCSwiftPackageProductDependency section */
	};
	rootObject = 35CD80062BFB378400F30FCE /* Project object */;
}
